{
  "requires": true,
  "lockfileVersion": 1,
  "dependencies": {
    "@firebase/component": {
      "version": "0.5.7",
      "resolved": "https://registry.npmjs.org/@firebase/component/-/component-0.5.7.tgz",
      "integrity": "sha512-CiAHUPXh2hn/lpzMShNmfAxHNQhKQwmQUJSYMPCjf2bCCt4Z2vLGpS+UWEuNFm9Zf8LNmkS+Z+U/s4Obi5carg==",
      "requires": {
        "@firebase/util": "1.4.0",
        "tslib": "^2.1.0"
      }
    },
    "@firebase/storage": {
      "version": "0.8.4",
      "resolved": "https://registry.npmjs.org/@firebase/storage/-/storage-0.8.4.tgz",
      "integrity": "sha512-Flv25G8J4hp9wa9qTy9UoaBRl2Vcsr+FGaK6RaRUAzoMw2PA46ZPt/DChJZWxKgpmOq/7HyRc8qNTwqqDJt7dA==",
      "requires": {
        "@firebase/component": "0.5.7",
        "@firebase/util": "1.4.0",
        "node-fetch": "2.6.5",
        "tslib": "^2.1.0"
      }
    },
    "@firebase/util": {
      "version": "1.4.0",
      "resolved": "https://registry.npmjs.org/@firebase/util/-/util-1.4.0.tgz",
      "integrity": "sha512-Qn58d+DVi1nGn0bA9RV89zkz0zcbt6aUcRdyiuub/SuEvjKYstWmHcHwh1C0qmE1wPf9a3a+AuaRtduaGaRT7A==",
      "requires": {
        "tslib": "^2.1.0"
      }
    },
    "node-fetch": {
      "version": "2.6.5",
      "resolved": "https://registry.npmjs.org/node-fetch/-/node-fetch-2.6.5.tgz",
      "integrity": "sha512-mmlIVHJEu5rnIxgEgez6b9GgWXbkZj5YZ7fx+2r94a2E+Uirsp6HsPTPlomfdHtpt/B0cdKviwkoaM6pyvUOpQ==",
      "requires": {
        "whatwg-url": "^5.0.0"
      }
    },
    "tr46": {
      "version": "0.0.3",
      "resolved": "https://registry.npmjs.org/tr46/-/tr46-0.0.3.tgz",
      "integrity": "sha1-gYT9NH2snNwYWZLzpmIuFLnZq2o="
    },
    "tslib": {
      "version": "2.3.1",
      "resolved": "https://registry.npmjs.org/tslib/-/tslib-2.3.1.tgz",
      "integrity": "sha512-77EbyPPpMz+FRFRuAFlWMtmgUWGe9UOG2Z25NqCwiIjRhOf5iKGuzSe5P2w1laq+FkRy4p+PCuVkJSGkzTEKVw=="
    },
    "webidl-conversions": {
      "version": "3.0.1",
      "resolved": "https://registry.npmjs.org/webidl-conversions/-/webidl-conversions-3.0.1.tgz",
      "integrity": "sha1-JFNCdeKnvGvnvIZhHMFq4KVlSHE="
    },
    "whatwg-url": {
      "version": "5.0.0",
      "resolved": "https://registry.npmjs.org/whatwg-url/-/whatwg-url-5.0.0.tgz",
      "integrity": "sha1-lmRU6HZUYuN2RNNib2dCzotwll0=",
      "requires": {
        "tr46": "~0.0.3",
        "webidl-conversions": "^3.0.0"
      }
    }
  }
}
